
Microsoft Visual Studio Solution File, Format Version 12.00
# Visual Studio Version 17
VisualStudioVersion = 17.12.35707.178 d17.12
MinimumVisualStudioVersion = 10.0.40219.1
Project("{2150E333-8FDC-42A3-9474-1A3956D46DE8}") = "and", "and", "{6AC96C38-093F-4126-8ED4-735B34C090F9}"
EndProject
Project("{39E2626F-3545-4960-A6E8-258AD8476CE5}") = "and.Packaging", "and\and.Packaging\and.Packaging.androidproj", "{DB3642B2-B6CE-4964-9808-B27FA92C67AE}"
EndProject
Project("{8BC9CEB8-8B4A-11D0-8D11-00A0C91BC942}") = "and.NativeActivity", "and\and.NativeActivity\and.NativeActivity.vcxproj", "{C41F9785-46B3-42C9-9604-70E1A4971646}"
EndProject
Project("{8BC9CEB8-8B4A-11D0-8D11-00A0C91BC942}") = "share", "share\share.vcxitems", "{9AF370DE-1129-43B2-82C0-8874043AC4C2}"
EndProject
Project("{39E2626F-3545-4960-A6E8-258AD8476CE5}") = "javaeles", "javaeles\javaeles.androidproj", "{A211FC35-4E8C-4874-A1F2-55714217F6A0}"
EndProject
Global
	GlobalSection(SolutionConfigurationPlatforms) = preSolution
		Debug|ARM = Debug|ARM
		Debug|ARM64 = Debug|ARM64
		Debug|x64 = Debug|x64
		Debug|x86 = Debug|x86
		Release|ARM = Release|ARM
		Release|ARM64 = Release|ARM64
		Release|x64 = Release|x64
		Release|x86 = Release|x86
	EndGlobalSection
	GlobalSection(ProjectConfigurationPlatforms) = postSolution
		{DB3642B2-B6CE-4964-9808-B27FA92C67AE}.Debug|ARM.ActiveCfg = Debug|ARM
		{DB3642B2-B6CE-4964-9808-B27FA92C67AE}.Debug|ARM.Build.0 = Debug|ARM
		{DB3642B2-B6CE-4964-9808-B27FA92C67AE}.Debug|ARM.Deploy.0 = Debug|ARM
		{DB3642B2-B6CE-4964-9808-B27FA92C67AE}.Debug|ARM64.ActiveCfg = Debug|ARM64
		{DB3642B2-B6CE-4964-9808-B27FA92C67AE}.Debug|ARM64.Build.0 = Debug|ARM64
		{DB3642B2-B6CE-4964-9808-B27FA92C67AE}.Debug|ARM64.Deploy.0 = Debug|ARM64
		{DB3642B2-B6CE-4964-9808-B27FA92C67AE}.Debug|x64.ActiveCfg = Debug|x64
		{DB3642B2-B6CE-4964-9808-B27FA92C67AE}.Debug|x64.Build.0 = Debug|x64
		{DB3642B2-B6CE-4964-9808-B27FA92C67AE}.Debug|x64.Deploy.0 = Debug|x64
		{DB3642B2-B6CE-4964-9808-B27FA92C67AE}.Debug|x86.ActiveCfg = Debug|x86
		{DB3642B2-B6CE-4964-9808-B27FA92C67AE}.Debug|x86.Build.0 = Debug|x86
		{DB3642B2-B6CE-4964-9808-B27FA92C67AE}.Debug|x86.Deploy.0 = Debug|x86
		{DB3642B2-B6CE-4964-9808-B27FA92C67AE}.Release|ARM.ActiveCfg = Release|ARM
		{DB3642B2-B6CE-4964-9808-B27FA92C67AE}.Release|ARM.Build.0 = Release|ARM
		{DB3642B2-B6CE-4964-9808-B27FA92C67AE}.Release|ARM.Deploy.0 = Release|ARM
		{DB3642B2-B6CE-4964-9808-B27FA92C67AE}.Release|ARM64.ActiveCfg = Release|ARM64
		{DB3642B2-B6CE-4964-9808-B27FA92C67AE}.Release|ARM64.Build.0 = Release|ARM64
		{DB3642B2-B6CE-4964-9808-B27FA92C67AE}.Release|ARM64.Deploy.0 = Release|ARM64
		{DB3642B2-B6CE-4964-9808-B27FA92C67AE}.Release|x64.ActiveCfg = Release|x64
		{DB3642B2-B6CE-4964-9808-B27FA92C67AE}.Release|x64.Build.0 = Release|x64
		{DB3642B2-B6CE-4964-9808-B27FA92C67AE}.Release|x64.Deploy.0 = Release|x64
		{DB3642B2-B6CE-4964-9808-B27FA92C67AE}.Release|x86.ActiveCfg = Release|x86
		{DB3642B2-B6CE-4964-9808-B27FA92C67AE}.Release|x86.Build.0 = Release|x86
		{DB3642B2-B6CE-4964-9808-B27FA92C67AE}.Release|x86.Deploy.0 = Release|x86
		{C41F9785-46B3-42C9-9604-70E1A4971646}.Debug|ARM.ActiveCfg = Debug|ARM
		{C41F9785-46B3-42C9-9604-70E1A4971646}.Debug|ARM.Build.0 = Debug|ARM
		{C41F9785-46B3-42C9-9604-70E1A4971646}.Debug|ARM64.ActiveCfg = Debug|ARM64
		{C41F9785-46B3-42C9-9604-70E1A4971646}.Debug|ARM64.Build.0 = Debug|ARM64
		{C41F9785-46B3-42C9-9604-70E1A4971646}.Debug|x64.ActiveCfg = Debug|x64
		{C41F9785-46B3-42C9-9604-70E1A4971646}.Debug|x64.Build.0 = Debug|x64
		{C41F9785-46B3-42C9-9604-70E1A4971646}.Debug|x86.ActiveCfg = Debug|x86
		{C41F9785-46B3-42C9-9604-70E1A4971646}.Debug|x86.Build.0 = Debug|x86
		{C41F9785-46B3-42C9-9604-70E1A4971646}.Release|ARM.ActiveCfg = Release|ARM
		{C41F9785-46B3-42C9-9604-70E1A4971646}.Release|ARM.Build.0 = Release|ARM
		{C41F9785-46B3-42C9-9604-70E1A4971646}.Release|ARM64.ActiveCfg = Release|ARM64
		{C41F9785-46B3-42C9-9604-70E1A4971646}.Release|ARM64.Build.0 = Release|ARM64
		{C41F9785-46B3-42C9-9604-70E1A4971646}.Release|x64.ActiveCfg = Release|x64
		{C41F9785-46B3-42C9-9604-70E1A4971646}.Release|x64.Build.0 = Release|x64
		{C41F9785-46B3-42C9-9604-70E1A4971646}.Release|x86.ActiveCfg = Release|x86
		{C41F9785-46B3-42C9-9604-70E1A4971646}.Release|x86.Build.0 = Release|x86
		{A211FC35-4E8C-4874-A1F2-55714217F6A0}.Debug|ARM.ActiveCfg = Debug|ARM
		{A211FC35-4E8C-4874-A1F2-55714217F6A0}.Debug|ARM.Build.0 = Debug|ARM
		{A211FC35-4E8C-4874-A1F2-55714217F6A0}.Debug|ARM.Deploy.0 = Debug|ARM
		{A211FC35-4E8C-4874-A1F2-55714217F6A0}.Debug|ARM64.ActiveCfg = Debug|ARM64
		{A211FC35-4E8C-4874-A1F2-55714217F6A0}.Debug|ARM64.Build.0 = Debug|ARM64
		{A211FC35-4E8C-4874-A1F2-55714217F6A0}.Debug|ARM64.Deploy.0 = Debug|ARM64
		{A211FC35-4E8C-4874-A1F2-55714217F6A0}.Debug|x64.ActiveCfg = Debug|x64
		{A211FC35-4E8C-4874-A1F2-55714217F6A0}.Debug|x64.Build.0 = Debug|x64
		{A211FC35-4E8C-4874-A1F2-55714217F6A0}.Debug|x64.Deploy.0 = Debug|x64
		{A211FC35-4E8C-4874-A1F2-55714217F6A0}.Debug|x86.ActiveCfg = Debug|x86
		{A211FC35-4E8C-4874-A1F2-55714217F6A0}.Debug|x86.Build.0 = Debug|x86
		{A211FC35-4E8C-4874-A1F2-55714217F6A0}.Debug|x86.Deploy.0 = Debug|x86
		{A211FC35-4E8C-4874-A1F2-55714217F6A0}.Release|ARM.ActiveCfg = Release|ARM
		{A211FC35-4E8C-4874-A1F2-55714217F6A0}.Release|ARM.Build.0 = Release|ARM
		{A211FC35-4E8C-4874-A1F2-55714217F6A0}.Release|ARM.Deploy.0 = Release|ARM
		{A211FC35-4E8C-4874-A1F2-55714217F6A0}.Release|ARM64.ActiveCfg = Release|ARM64
		{A211FC35-4E8C-4874-A1F2-55714217F6A0}.Release|ARM64.Build.0 = Release|ARM64
		{A211FC35-4E8C-4874-A1F2-55714217F6A0}.Release|ARM64.Deploy.0 = Release|ARM64
		{A211FC35-4E8C-4874-A1F2-55714217F6A0}.Release|x64.ActiveCfg = Release|x64
		{A211FC35-4E8C-4874-A1F2-55714217F6A0}.Release|x64.Build.0 = Release|x64
		{A211FC35-4E8C-4874-A1F2-55714217F6A0}.Release|x64.Deploy.0 = Release|x64
		{A211FC35-4E8C-4874-A1F2-55714217F6A0}.Release|x86.ActiveCfg = Release|x86
		{A211FC35-4E8C-4874-A1F2-55714217F6A0}.Release|x86.Build.0 = Release|x86
		{A211FC35-4E8C-4874-A1F2-55714217F6A0}.Release|x86.Deploy.0 = Release|x86
	EndGlobalSection
	GlobalSection(SolutionProperties) = preSolution
		HideSolutionNode = FALSE
	EndGlobalSection
	GlobalSection(NestedProjects) = preSolution
		{DB3642B2-B6CE-4964-9808-B27FA92C67AE} = {6AC96C38-093F-4126-8ED4-735B34C090F9}
		{C41F9785-46B3-42C9-9604-70E1A4971646} = {6AC96C38-093F-4126-8ED4-735B34C090F9}
	EndGlobalSection
	GlobalSection(ExtensibilityGlobals) = postSolution
		SolutionGuid = {D646BEB8-6737-4951-AE44-A872E19941EE}
	EndGlobalSection
EndGlobal
